# This lock file was generated by conda-lock (https://github.com/conda-incubator/conda-lock). DO NOT EDIT!
#
# A "lock file" contains a concrete list of package versions (with checksums) to be installed. Unlike
# e.g. `conda env create`, the resulting environment will not change as new package versions become
# available, unless you explicitly update the lock file.
#
# Install this environment as "YOURENV" with:
#     conda-lock install -n YOURENV --file conda-lock.yml
# To update a single package to the latest version compatible with the version constraints in the source:
#     conda-lock lock --lockfile conda-lock.yml --update PACKAGE
# To re-solve the entire environment, e.g. after changing a version constraint in the source file:
#     conda-lock -f environment.yml --lockfile conda-lock.yml
metadata:
  channels:
  - url: conda-forge
    used_env_vars: []
  - url: anaconda
    used_env_vars: []
  content_hash:
    linux-64: 48492bec5c8450b123681ed6dbd6f3bada0cceb79c87c8c0de62cd943aeb8755
  platforms:
  - linux-64
  sources:
  - environment.yml
package:
- category: main
  dependencies: {}
  hash:
    md5: d7c89558ba9fa0495403155b64376d81
    sha256: fe51de6107f9edc7aa4f786a70f4a883943bc9d39b3bb7307c04c41410990726
  manager: conda
  name: _libgcc_mutex
  optional: false
  platform: linux-64
  url: https://conda.anaconda.org/conda-forge/linux-64/_libgcc_mutex-0.1-conda_forge.tar.bz2
  version: '0.1'
- category: main
  dependencies: {}
  hash:
    md5: c320890f77fd1d617fa876e0982002c2
    sha256: e2aa0004ae9907f8c150d4cb3d00f8146b812f7f6906142c5258cca3eb2c7abf
  manager: conda
  name: ca-certificates
  optional: false
  platform: linux-64
  url: https://conda.anaconda.org/conda-forge/linux-64/ca-certificates-2022.6.15-ha878542_0.tar.bz2
  version: 2022.6.15
- category: main
  dependencies: {}
  hash:
    md5: bd4f2e711b39af170e7ff15163fe87ee
    sha256: ad7985a9ff622880cf87c42db1ffe2dfb040d8175c1bb352fc8f3705c7e0962f
  manager: conda
  name: ld_impl_linux-64
  optional: false
  platform: linux-64
  url: https://conda.anaconda.org/conda-forge/linux-64/ld_impl_linux-64-2.36.1-hea4e1c9_2.tar.bz2
  version: 2.36.1
- category: main
  dependencies: {}
  hash:
    md5: 6f5ba041a41eb102a1027d9e68731be7
    sha256: c2483256b324253599bdbe6ddb4a04f7a154259473e626aacbfdee7686a994d2
  manager: conda
  name: libstdcxx-ng
  optional: false
  platform: linux-64
  url: https://conda.anaconda.org/conda-forge/linux-64/libstdcxx-ng-12.1.0-ha89aaad_16.tar.bz2
  version: 12.1.0
- category: main
  dependencies: {}
  hash:
    md5: 84be5301069417a2221187d2f435e0f7
    sha256: 74d8c1fbccae1a78c9bd2b2d1cda73df425cc28717a637198c23bd1c9b53b60e
  manager: conda
  name: tzdata
  optional: false
  platform: linux-64
  url: https://conda.anaconda.org/conda-forge/noarch/tzdata-2022a-h191b570_0.tar.bz2
  version: 2022a
- category: main
  dependencies:
    _libgcc_mutex: 0.1 conda_forge
  hash:
    md5: f013cf7749536ce43d82afbffdf499ab
    sha256: 499fab15d3897a7bf7a1d82dd44c76dad1ceeaec0b71e348e77fb8a753ff898d
  manager: conda
  name: libgomp
  optional: false
  platform: linux-64
  url: https://conda.anaconda.org/conda-forge/linux-64/libgomp-12.1.0-h8d9b700_16.tar.bz2
  version: 12.1.0
- category: main
  dependencies:
    _libgcc_mutex: 0.1 conda_forge
    libgomp: '>=7.5.0'
  hash:
    md5: 73aaf86a425cc6e73fcf236a5a46396d
    sha256: fbe2c5e56a653bebb982eda4876a9178aedfc2b545f25d0ce9c4c0b508253d22
  manager: conda
  name: _openmp_mutex
  optional: false
  platform: linux-64
  url: https://conda.anaconda.org/conda-forge/linux-64/_openmp_mutex-4.5-2_gnu.tar.bz2
  version: '4.5'
- category: main
  dependencies:
    _libgcc_mutex: 0.1 conda_forge
    _openmp_mutex: '>=4.5'
  hash:
    md5: 4f05bc9844f7c101e6e147dab3c88d5c
    sha256: 2fde3d9f0199bf4f5447b35d3fd74d058c17ef2b6c68815eb1b469f2aec138b9
  manager: conda
  name: libgcc-ng
  optional: false
  platform: linux-64
  url: https://conda.anaconda.org/conda-forge/linux-64/libgcc-ng-12.1.0-h8d9b700_16.tar.bz2
  version: 12.1.0
- category: main
  dependencies:
    libgcc-ng: '>=9.3.0'
  hash:
    md5: a1fd65c7ccbf10880423d82bca54eb54
    sha256: cb521319804640ff2ad6a9f118d972ed76d86bea44e5626c09a13d38f562e1fa
  manager: conda
  name: bzip2
  optional: false
  platform: linux-64
  url: https://conda.anaconda.org/conda-forge/linux-64/bzip2-1.0.8-h7f98852_4.tar.bz2
  version: 1.0.8
- category: main
  dependencies:
    libgcc-ng: '>=10.3.0'
    libstdcxx-ng: '>=10.3.0'
  hash:
    md5: e1b07832504eeba765d648389cc387a9
    sha256: 0db0e8690f8f7f4543d81e612947962b61518c61036bf7bdb53146f64dfca852
  manager: conda
  name: expat
  optional: false
  platform: linux-64
  url: https://conda.anaconda.org/conda-forge/linux-64/expat-2.4.8-h27087fc_0.tar.bz2
  version: 2.4.8
- category: main
  dependencies:
    libgcc-ng: '>=9.4.0'
  hash:
    md5: d645c6d2ac96843a2bfaccd2d62b3ac3
    sha256: ab6e9856c21709b7b517e940ae7028ae0737546122f83c2aa5d692860c3b149e
  manager: conda
  name: libffi
  optional: false
  platform: linux-64
  url: https://conda.anaconda.org/conda-forge/linux-64/libffi-3.4.2-h7f98852_5.tar.bz2
  version: 3.4.2
- category: main
  dependencies:
    libgcc-ng: '>=7.5.0'
  hash:
    md5: 5c0f338a513a2943c659ae619fca9211
    sha256: 1ba9d434e982536abbbcd63505276270cb3a62844a0f1b6e52962e70be078abe
  manager: conda
  name: libiconv
  optional: false
  platform: linux-64
  url: https://conda.anaconda.org/conda-forge/linux-64/libiconv-1.16-h516909a_0.tar.bz2
  version: '1.16'
- category: main
  dependencies:
    libgcc-ng: '>=9.4.0'
  hash:
    md5: 39b1328babf85c7c3a61636d9cd50206
    sha256: 32f4fb94d99946b0dabfbbfd442b25852baf909637f2eed1ffe3baea15d02aad
  manager: conda
  name: libnsl
  optional: false
  platform: linux-64
  url: https://conda.anaconda.org/conda-forge/linux-64/libnsl-2.0.0-h7f98852_0.tar.bz2
  version: 2.0.0
- category: main
  dependencies:
    libgcc-ng: '>=9.3.0'
  hash:
    md5: 772d69f030955d9646d3d0eaf21d859d
    sha256: 54f118845498353c936826f8da79b5377d23032bcac8c4a02de2019e26c3f6b3
  manager: conda
  name: libuuid
  optional: false
  platform: linux-64
  url: https://conda.anaconda.org/conda-forge/linux-64/libuuid-2.32.1-h7f98852_1000.tar.bz2
  version: 2.32.1
- category: main
  dependencies:
    libgcc-ng: '>=12'
  hash:
    md5: 58eaff4f91891978af3625e7bbf958af
    sha256: 6282bc3ac5689b277ef66b7d9b18b4afa449995bfa3883be9863dbc88dacfcd5
  manager: conda
  name: libzlib
  optional: false
  platform: linux-64
  url: https://conda.anaconda.org/conda-forge/linux-64/libzlib-1.2.12-h166bdaf_1.tar.bz2
  version: 1.2.12
- category: main
  dependencies:
    libgcc-ng: '>=10.3.0'
  hash:
    md5: 4acfc691e64342b9dae57cf2adc63238
    sha256: b801e8cf4b2c9a30bce5616746c6c2a4e36427f045b46d9fc08a4ed40a9f7065
  manager: conda
  name: ncurses
  optional: false
  platform: linux-64
  url: https://conda.anaconda.org/conda-forge/linux-64/ncurses-6.3-h27087fc_1.tar.bz2
  version: '6.3'
- category: main
  dependencies:
    ca-certificates: ''
    libgcc-ng: '>=12'
  hash:
    md5: 995e819f901ee0c4411e4f50d9b31a82
    sha256: 52d8934ac8e2437207ec82e5f7f3b7dd6d8a0e5d19dae242037f0e27b3b94077
  manager: conda
  name: openssl
  optional: false
  platform: linux-64
  url: https://conda.anaconda.org/conda-forge/linux-64/openssl-1.1.1p-h166bdaf_0.tar.bz2
  version: 1.1.1p
- category: main
  dependencies:
    libgcc-ng: '>=9.3.0'
    libstdcxx-ng: '>=9.3.0'
  hash:
    md5: c05d1820a6d34ff07aaaab7a9b7eddaa
    sha256: 8f35c244b1631a4f31fb1d66ab6e1d9bfac0ca9b679deced1112c7225b3ad138
  manager: conda
  name: pcre
  optional: false
  platform: linux-64
  url: https://conda.anaconda.org/conda-forge/linux-64/pcre-8.45-h9c3ff4c_0.tar.bz2
  version: '8.45'
- category: main
  dependencies:
    libgcc-ng: '>=7.5.0'
  hash:
    md5: 33f601066901f3e1a85af3522a8113f9
    sha256: 1e2823cb2a526bc3a7031ad5dbfb992891f9ff9740d1c17cb6dbb8ebdfd33b27
  manager: conda
  name: xz
  optional: false
  platform: linux-64
  url: https://conda.anaconda.org/conda-forge/linux-64/xz-5.2.5-h516909a_1.tar.bz2
  version: 5.2.5
- category: main
  dependencies:
    libgcc-ng: '>=9.4.0'
  hash:
    md5: 4cb3ad778ec2d5a7acbdf254eb1c42ae
    sha256: a4e34c710eeb26945bdbdaba82d3d74f60a78f54a874ec10d373811a5d217535
  manager: conda
  name: yaml
  optional: false
  platform: linux-64
  url: https://conda.anaconda.org/conda-forge/linux-64/yaml-0.2.5-h7f98852_2.tar.bz2
  version: 0.2.5
- category: main
  dependencies:
    libffi: '>=3.4.2,<3.5.0a0'
    libgcc-ng: '>=9.4.0'
  hash:
    md5: af49250eca8e139378f8ff0ae9e57251
    sha256: 1bb53c99b4943d210c881aad9158fb0235b348498bad1a7076d1f2bef6671922
  manager: conda
  name: gettext
  optional: false
  platform: linux-64
  url: https://conda.anaconda.org/conda-forge/linux-64/gettext-0.19.8.1-h73d1719_1008.tar.bz2
  version: 0.19.8.1
- category: main
  dependencies:
    libgcc-ng: '>=12'
    ncurses: '>=6.3,<7.0a0'
  hash:
    md5: db2ebbe2943aae81ed051a6a9af8e0fa
    sha256: f5f383193bdbe01c41cb0d6f99fec68e820875e842e6e8b392dbe1a9b6c43ed8
  manager: conda
  name: readline
  optional: false
  platform: linux-64
  url: https://conda.anaconda.org/conda-forge/linux-64/readline-8.1.2-h0f457ee_0.tar.bz2
  version: 8.1.2
- category: main
  dependencies:
    libgcc-ng: '>=9.4.0'
    libzlib: '>=1.2.11,<1.3.0a0'
  hash:
    md5: 5b8c42eb62e9fc961af70bdd6a26e168
    sha256: 032fd769aad9d4cad40ba261ab222675acb7ec951a8832455fce18ef33fa8df0
  manager: conda
  name: tk
  optional: false
  platform: linux-64
  url: https://conda.anaconda.org/conda-forge/linux-64/tk-8.6.12-h27826a3_0.tar.bz2
  version: 8.6.12
- category: main
  dependencies:
    libgcc-ng: '>=12'
    libzlib: 1.2.12 h166bdaf_1
  hash:
    md5: e4b67f2b4096807cd7d836227c026a43
    sha256: 6dbd92f2c622a4d1218f06225f11a5fb3c16bbb26bb1f593f040f67f7b7ab264
  manager: conda
  name: zlib
  optional: false
  platform: linux-64
  url: https://conda.anaconda.org/conda-forge/linux-64/zlib-1.2.12-h166bdaf_1.tar.bz2
  version: 1.2.12
- category: main
  dependencies:
    gettext: '>=0.19.8.1,<1.0a0'
    libffi: '>=3.4.2,<3.5.0a0'
    libgcc-ng: '>=9.4.0'
    libiconv: '>=1.16,<1.17.0a0'
    libstdcxx-ng: '>=9.4.0'
    libzlib: '>=1.2.11,<1.3.0a0'
    pcre: '>=8.45,<9.0a0'
  hash:
    md5: d44314ffae96b17657fbf3f8e47b04fc
    sha256: 7581e92112dc42b52890d9b842e2756d1c61dd542af4fb26609e57077dc6ce3b
  manager: conda
  name: libglib
  optional: false
  platform: linux-64
  url: https://conda.anaconda.org/conda-forge/linux-64/libglib-2.70.2-h174f98d_4.tar.bz2
  version: 2.70.2
- category: main
  dependencies:
    libgcc-ng: '>=12'
    libzlib: '>=1.2.12,<1.3.0a0'
    ncurses: '>=6.3,<7.0a0'
    readline: '>=8.1.2,<9.0a0'
    zlib: '>=1.2.12,<1.3.0a0'
  hash:
    md5: ead30581ba8cfd52d69632868b844d4a
    sha256: 755eb1724379e49a50ab3ee073921baa5d3a85c82d8f5e11a3d365b98ac7c993
  manager: conda
  name: sqlite
  optional: false
  platform: linux-64
  url: https://conda.anaconda.org/conda-forge/linux-64/sqlite-3.39.0-h4ff8645_0.tar.bz2
  version: 3.39.0
- category: main
  dependencies:
    expat: '>=2.4.2,<3.0a0'
    libgcc-ng: '>=9.4.0'
    libglib: '>=2.70.2,<3.0a0'
  hash:
    md5: ecfff944ba3960ecb334b9a2663d708d
    sha256: 8f5f995699a2d9dbdd62c61385bfeeb57c82a681a7c8c5313c395aa0ccab68a5
  manager: conda
  name: dbus
  optional: false
  platform: linux-64
  url: https://conda.anaconda.org/conda-forge/linux-64/dbus-1.13.6-h5008d03_3.tar.bz2
  version: 1.13.6
- category: main
  dependencies:
    bzip2: '>=1.0.8,<2.0a0'
    ld_impl_linux-64: '>=2.36.1'
    libffi: '>=3.4.2,<3.5.0a0'
    libgcc-ng: '>=12'
    libnsl: '>=2.0.0,<2.1.0a0'
    libuuid: '>=2.32.1,<3.0a0'
    libzlib: '>=1.2.11,<1.3.0a0'
    ncurses: '>=6.3,<7.0a0'
    openssl: '>=1.1.1o,<1.1.2a'
    readline: '>=8.1,<9.0a0'
    sqlite: '>=3.38.5,<4.0a0'
    tk: '>=8.6.12,<8.7.0a0'
    tzdata: ''
    xz: '>=5.2.5,<5.3.0a0'
  hash:
    md5: 69bc307cc4d7396c5fccb26bbcc9c379
    sha256: 411462cd0726d5a13fd04295887d1137175df55687e4783f26ac1cbb46a10b7f
  manager: conda
  name: python
  optional: false
  platform: linux-64
  url: https://conda.anaconda.org/conda-forge/linux-64/python-3.9.13-h9a8a25e_0_cpython.tar.bz2
  version: 3.9.13
- category: main
  dependencies:
    python: ''
  hash:
    md5: 5f095bc6454094e96f146491fd03633b
    sha256: ae9fb8f68281f84482f2c234379aa12405a9e365151d43af20b3ae1f17312111
  manager: conda
  name: appdirs
  optional: false
  platform: linux-64
  url: https://conda.anaconda.org/conda-forge/noarch/appdirs-1.4.4-pyh9f0ad1d_0.tar.bz2
  version: 1.4.4
- category: main
  dependencies:
    python: '>=2.7,!=3.0.*,!=3.1.*,!=3.2.*,!=3.3.*,!=3.4.*'
  hash:
    md5: f70280205d7044c8b8358c8de3190e5d
    sha256: 79cc289deb95b30d4bdedbba5d5dbdcd0ed95b3c306757dc1f83d9164f0c2d88
  manager: conda
  name: attrs
  optional: false
  platform: linux-64
  url: https://conda.anaconda.org/conda-forge/noarch/attrs-21.4.0-pyhd8ed1ab_0.tar.bz2
  version: 21.4.0
- category: main
  dependencies:
    python: ''
  hash:
    md5: 808c46dc56ae4a796830129aaf1b51ec
    sha256: 468b68a9e8714bf21ee2df551b919df28122f32e57033aafe50288fdfb7c4955
  manager: conda
  name: cachy
  optional: false
  platform: linux-64
  url: https://conda.anaconda.org/conda-forge/noarch/cachy-0.3.0-py_0.tar.bz2
  version: 0.3.0
- category: main
  dependencies:
    python: '>=3.6'
  hash:
    md5: 1f5b32dabae0f1893ae3283dac7f799e
    sha256: 30484cbce01cd7c0e660e4549c95a417c09aa98f6270616adc2530dccf16fb96
  manager: conda
  name: charset-normalizer
  optional: false
  platform: linux-64
  url: https://conda.anaconda.org/conda-forge/noarch/charset-normalizer-2.0.12-pyhd8ed1ab_0.tar.bz2
  version: 2.0.12
- category: main
  dependencies:
    python: '>=3.6,<4.0'
  hash:
    md5: b8477552274c1cfdb533e954c76523f1
    sha256: af1db267e03c649aefcc1571ddce4eac361a0e5232d1bdd05fd93fadbfdd2da6
  manager: conda
  name: crashtest
  optional: false
  platform: linux-64
  url: https://conda.anaconda.org/conda-forge/noarch/crashtest-0.3.1-pyhd8ed1ab_0.tar.bz2
  version: 0.3.1
- category: main
  dependencies:
    python: '>=3.7'
  hash:
    md5: a362b2124b06aad102e2ee4581acee7d
    sha256: 63a83e62e0939bc1ab32de4ec736f6403084198c4639638b354a352113809c92
  manager: conda
  name: dataclasses
  optional: false
  platform: linux-64
  url: https://conda.anaconda.org/conda-forge/noarch/dataclasses-0.8-pyhc8e2a94_3.tar.bz2
  version: '0.8'
- category: main
  dependencies:
    python: 2.7|>=3.6
  hash:
    md5: 7b50d840543d9cdae100e91582c33035
    sha256: 149856b1874ee1ed1ae72f853005d388d1480947273f472e60535db9ee8504e7
  manager: conda
  name: distlib
  optional: false
  platform: linux-64
  url: https://conda.anaconda.org/conda-forge/noarch/distlib-0.3.4-pyhd8ed1ab_0.tar.bz2
  version: 0.3.4
- category: main
  dependencies:
    python: '>=3.7'
  hash:
    md5: 7556872687250e0ea038eb503da3c44b
    sha256: 2e55742866c7afea0cb5945be11835cfc446073d37402a4cbe3c30c2b1497a6c
  manager: conda
  name: filelock
  optional: false
  platform: linux-64
  url: https://conda.anaconda.org/conda-forge/noarch/filelock-3.7.1-pyhd8ed1ab_0.tar.bz2
  version: 3.7.1
- category: main
  dependencies:
    python: '>=3.6'
  hash:
    md5: f93822cba5c20161560661988a88f2c0
    sha256: f56157ce4b55ef46a4fa4fe875703468e362b983099f864b740fd99aa80bbdbb
  manager: conda
  name: flit-core
  optional: false
  platform: linux-64
  url: https://conda.anaconda.org/conda-forge/noarch/flit-core-3.7.1-pyhd8ed1ab_0.tar.bz2
  version: 3.7.1
- category: main
  dependencies:
    python: '>=3.6'
  hash:
    md5: 40b50b8b030f5f2f22085c062ed013dd
    sha256: d697b7db5194d5248850b57fd313ecbb29bba9aaab0346ee55816589afbd1d0e
  manager: conda
  name: idna
  optional: false
  platform: linux-64
  url: https://conda.anaconda.org/conda-forge/noarch/idna-3.3-pyhd8ed1ab_0.tar.bz2
  version: '3.3'
- category: main
  dependencies:
    python: ''
  hash:
    md5: 39161f81cc5e5ca45b8226fbb06c6905
    sha256: 9423ded508ebda87dae21d7876134e406ffeb88e6059f3fe1a909d180c351959
  manager: conda
  name: iniconfig
  optional: false
  platform: linux-64
  url: https://conda.anaconda.org/conda-forge/noarch/iniconfig-1.1.1-pyh9f0ad1d_0.tar.bz2
  version: 1.1.1
- category: main
  dependencies:
    python: '>=3.7'
  hash:
    md5: 9800ad1699b42612478755a2d26c722d
    sha256: 16639759b811866d63315fe1391f6fb45f5478b823972f4d3d9f0392b7dd80b8
  manager: conda
  name: jeepney
  optional: false
  platform: linux-64
  url: https://conda.anaconda.org/conda-forge/noarch/jeepney-0.8.0-pyhd8ed1ab_0.tar.bz2
  version: 0.8.0
- category: main
  dependencies:
    python: ''
  hash:
    md5: c104d98e09c47519950cffb8dd5b4f10
    sha256: d3a68045ef74a2a7b8c8a55b242fdbc875d362e37adcf793613cf0d8c8e4fbf7
  manager: conda
  name: lockfile
  optional: false
  platform: linux-64
  url: https://conda.anaconda.org/conda-forge/noarch/lockfile-0.12.2-py_1.tar.bz2
  version: 0.12.2
- category: main
  dependencies:
    python: ''
  hash:
    md5: a326cb400c1ccd91789f3e7d02124d61
    sha256: 7244b23fff4404f381589f068f086cbf6fbffaaa5d0747270f3553db1e211cde
  manager: conda
  name: mccabe
  optional: false
  platform: linux-64
  url: https://conda.anaconda.org/conda-forge/noarch/mccabe-0.6.1-py_1.tar.bz2
  version: 0.6.1
- category: main
  dependencies:
    python: '>=2.7'
  hash:
    md5: a4eea5bff523f26442405bc5d1f52adb
    sha256: 9153f0f38c76a09da7688a61fdbf8f3d7504e2326bef53e4ec20d994311b15bd
  manager: conda
  name: pastel
  optional: false
  platform: linux-64
  url: https://conda.anaconda.org/conda-forge/noarch/pastel-0.2.1-pyhd8ed1ab_0.tar.bz2
  version: 0.2.1
- category: main
  dependencies:
    python: '>=2.7,!=3.0.*,!=3.1.*,!=3.2.*,!=3.3.*,!=3.4.*'
  hash:
    md5: f93dc0ccbc0a8472624165f6e256c7d1
    sha256: 80f6a7f92de6f341b80316fc7206c0e48807bcb1eb5612d68d32de8755082fc7
  manager: conda
  name: pathspec
  optional: false
  platform: linux-64
  url: https://conda.anaconda.org/conda-forge/noarch/pathspec-0.9.0-pyhd8ed1ab_0.tar.bz2
  version: 0.9.0
- category: main
  dependencies:
    python: '>=3.6'
  hash:
    md5: 0f2d0da112ff6fd76cc3ce038d72d2c9
    sha256: 2f025bd6425932cbbca83a24194f8c4ef098d6aa4b4c6f878f73d926a1041303
  manager: conda
  name: pkginfo
  optional: false
  platform: linux-64
  url: https://conda.anaconda.org/conda-forge/noarch/pkginfo-1.8.3-pyhd8ed1ab_0.tar.bz2
  version: 1.8.3
- category: main
  dependencies:
    python: '>=3.6'
  hash:
    md5: d5df87964a39f67c46a5448f4e78d9b6
    sha256: 14f8908ade3564480d6ed3c35de335fb9100d945a58223b5432e4a764e62dd01
  manager: conda
  name: platformdirs
  optional: false
  platform: linux-64
  url: https://conda.anaconda.org/conda-forge/noarch/platformdirs-2.5.1-pyhd8ed1ab_0.tar.bz2
  version: 2.5.1
- category: main
  dependencies:
    python: ''
  hash:
    md5: 359eeb6536da0e687af562ed265ec263
    sha256: fb31e006a25eb2e18f3440eb8d17be44c8ccfae559499199f73584566d0a444a
  manager: conda
  name: ptyprocess
  optional: false
  platform: linux-64
  url: https://conda.anaconda.org/conda-forge/noarch/ptyprocess-0.7.0-pyhd3deb0d_0.tar.bz2
  version: 0.7.0
- category: main
  dependencies:
    python: '>=2.7'
  hash:
    md5: b4613d7e7a493916d867842a6a148054
    sha256: 268be33a290e3d51467ab29cbb5a80cf79f69dade2f2dead25d7f80d76c3543a
  manager: conda
  name: py
  optional: false
  platform: linux-64
  url: https://conda.anaconda.org/conda-forge/noarch/py-1.11.0-pyh6c4a22f_0.tar.bz2
  version: 1.11.0
- category: main
  dependencies:
    python: =2.7|>=3.5
  hash:
    md5: f2532eee272d45b1283ea4869d71f044
    sha256: 1da7a030000a8858bf8f46d88e052b51a9296b65ef9bc540ae642729be2cf367
  manager: conda
  name: pycodestyle
  optional: false
  platform: linux-64
  url: https://conda.anaconda.org/conda-forge/noarch/pycodestyle-2.8.0-pyhd8ed1ab_0.tar.bz2
  version: 2.8.0
- category: main
  dependencies:
    python: ==2.7.*|>=3.4
  hash:
    md5: 076becd9e05608f8dc72757d5f3a91ff
    sha256: 74c63fd03f1f1ea2b54e8bc529fd1a600aaafb24027b738d0db87909ee3a33dc
  manager: conda
  name: pycparser
  optional: false
  platform: linux-64
  url: https://conda.anaconda.org/conda-forge/noarch/pycparser-2.21-pyhd8ed1ab_0.tar.bz2
  version: '2.21'
- category: main
  dependencies:
    python: =2.7|>=3.5
  hash:
    md5: 1aa3ecd37d0694e2ea5fef48da75371e
    sha256: 49689ac77b20fff0123ba5e2645ea68df56066d6ecf32cd05c1f5689c3fe0e86
  manager: conda
  name: pyflakes
  optional: false
  platform: linux-64
  url: https://conda.anaconda.org/conda-forge/noarch/pyflakes-2.4.0-pyhd8ed1ab_0.tar.bz2
  version: 2.4.0
- category: main
  dependencies:
    python: '>=3.3'
  hash:
    md5: edf8651c4379d9d1495ad6229622d150
    sha256: 50bd91767686bfe769e50a5a1b883e238d944a6163fea43e7c0beaac54ca674f
  manager: conda
  name: pylev
  optional: false
  platform: linux-64
  url: https://conda.anaconda.org/conda-forge/noarch/pylev-1.4.0-pyhd8ed1ab_0.tar.bz2
  version: 1.4.0
- category: main
  dependencies:
    python: '>=3.6'
  hash:
    md5: e8fbc1b54b25f4b08281467bc13b70cc
    sha256: 4acc7151cef5920d130f2e0a7615559cce8bfb037aeecb14d4d359ae3d9bc51b
  manager: conda
  name: pyparsing
  optional: false
  platform: linux-64
  url: https://conda.anaconda.org/conda-forge/noarch/pyparsing-3.0.9-pyhd8ed1ab_0.tar.bz2
  version: 3.0.9
- category: main
  dependencies:
    python: 3.9.*
  hash:
    md5: 39adde4247484de2bb4000122fdcf665
    sha256: 67231829ea0101fee30c68f788fdba40a11bbee8fdac556daaab5832bd27bf3d
  manager: conda
  name: python_abi
  optional: false
  platform: linux-64
  url: https://conda.anaconda.org/conda-forge/linux-64/python_abi-3.9-2_cp39.tar.bz2
  version: '3.9'
- category: main
  dependencies:
    python: ''
  hash:
    md5: 437655338696f9d0dfdb0a024e66b255
    sha256: 7d79f4500b4267414a2bd6a08e74aedc1629feb890efec71b0480501d37f148a
  manager: conda
  name: shellingham
  optional: false
  platform: linux-64
  url: https://conda.anaconda.org/conda-forge/noarch/shellingham-1.4.0-pyh44b312d_0.tar.bz2
  version: 1.4.0
- category: main
  dependencies:
    python: ''
  hash:
    md5: e5f25f8dbc060e9a8d912e432202afc2
    sha256: a85c38227b446f42c5b90d9b642f2c0567880c15d72492d8da074a59c8f91dd6
  manager: conda
  name: six
  optional: false
  platform: linux-64
  url: https://conda.anaconda.org/conda-forge/noarch/six-1.16.0-pyh6c4a22f_0.tar.bz2
  version: 1.16.0
- category: main
  dependencies:
    python: '>=2.7'
  hash:
    md5: f832c45a477c78bebd107098db465095
    sha256: f0f3d697349d6580e4c2f35ba9ce05c65dc34f9f049e85e45da03800b46139c1
  manager: conda
  name: toml
  optional: false
  platform: linux-64
  url: https://conda.anaconda.org/conda-forge/noarch/toml-0.10.2-pyhd8ed1ab_0.tar.bz2
  version: 0.10.2
- category: main
  dependencies:
    python: '>=3.7'
  hash:
    md5: 5844808ffab9ebdb694585b50ba02a96
    sha256: 4cd48aba7cd026d17e86886af48d0d2ebc67ed36f87f6534f4b67138f5a5a58f
  manager: conda
  name: tomli
  optional: false
  platform: linux-64
  url: https://conda.anaconda.org/conda-forge/noarch/tomli-2.0.1-pyhd8ed1ab_0.tar.bz2
  version: 2.0.1
- category: main
  dependencies:
    python: '>=3.7'
  hash:
    md5: 73506d1ab4202481841c68c169b7ef6c
    sha256: efb5f78a224c4bb14aab04690c9912256ea12c3a8b8413e60167573ce1282b02
  manager: conda
  name: tomli-w
  optional: false
  platform: linux-64
  url: https://conda.anaconda.org/conda-forge/noarch/tomli-w-1.0.0-pyhd8ed1ab_0.tar.bz2
  version: 1.0.0
- category: main
  dependencies:
    python: '>=3'
  hash:
    md5: e6573ac68718f17b9d4f5c8eda3190f2
    sha256: ec1cfe0b7dc55a22223562cad799e0b16d122dab611c9923b6068d27a784ba2f
  manager: conda
  name: typing
  optional: false
  platform: linux-64
  url: https://conda.anaconda.org/conda-forge/noarch/typing-3.10.0.0-pyhd8ed1ab_0.tar.bz2
  version: 3.10.0.0
- category: main
  dependencies:
    python: '>=3.7'
  hash:
    md5: f0f7e024f94e23d3bfee0ab777bf335a
    sha256: d4bf2f15e9794a76a9e52f77fcdfe5d6d4ff4436d02353d3a655354376688ec8
  manager: conda
  name: typing_extensions
  optional: false
  platform: linux-64
  url: https://conda.anaconda.org/conda-forge/noarch/typing_extensions-4.2.0-pyha770c72_1.tar.bz2
  version: 4.2.0
- category: main
  dependencies:
    python: ''
  hash:
    md5: 3563be4c5611a44210d9ba0c16113136
    sha256: 302f4f4bd1ad00c0be1426ecf6bb01db59cfd8aff3de0cf1596526dca1a6b70e
  manager: conda
  name: webencodings
  optional: false
  platform: linux-64
  url: https://conda.anaconda.org/conda-forge/noarch/webencodings-0.5.1-py_1.tar.bz2
  version: 0.5.1
- category: main
  dependencies:
    python: '!=3.0,!=3.1,!=3.2,!=3.3,!=3.4'
  hash:
    md5: 1ca02aaf78d9c70d9a81a3bed5752022
    sha256: aede66e6370f3b936164a703e48362f9080d7162234058fb2ee63cc84d528afc
  manager: conda
  name: wheel
  optional: false
  platform: linux-64
  url: https://conda.anaconda.org/conda-forge/noarch/wheel-0.37.1-pyhd8ed1ab_0.tar.bz2
  version: 0.37.1
- category: main
  dependencies:
    python: '>=3.7'
  hash:
    md5: 050b94cf4a8c760656e51d2d44e4632c
    sha256: 378efc066a74d273774a30481132023ff07197241e3a85202cde512f6cf14500
  manager: conda
  name: zipp
  optional: false
  platform: linux-64
  url: https://conda.anaconda.org/conda-forge/noarch/zipp-3.8.0-pyhd8ed1ab_0.tar.bz2
  version: 3.8.0
- category: main
  dependencies:
    python: '>=3.9,<3.10.0a0'
    python_abi: 3.9.* *_cp39
  hash:
    md5: cf0efee4ef53a6d3ea4dce06ac360f14
    sha256: d18f34dcff91ba88762dc3894021192c0040da0b4daa79107710cca4b845c8c9
  manager: conda
  name: certifi
  optional: false
  platform: linux-64
  url: https://conda.anaconda.org/conda-forge/linux-64/certifi-2022.6.15-py39hf3d152e_0.tar.bz2
  version: 2022.6.15
- category: main
  dependencies:
    libffi: '>=3.4.2,<3.5.0a0'
    libgcc-ng: '>=9.4.0'
    pycparser: ''
    python: '>=3.9,<3.10.0a0'
    python_abi: 3.9.* *_cp39
  hash:
    md5: f6191bf565dee581e77549d63737751c
    sha256: acff3d192b3a60993d36e0a8a65de1c2f4340e4ee942f4b2d1337b8624a8da84
  manager: conda
  name: cffi
  optional: false
  platform: linux-64
  url: https://conda.anaconda.org/conda-forge/linux-64/cffi-1.15.0-py39h4bc2ebd_0.tar.bz2
  version: 1.15.0
- category: main
  dependencies:
    python: '>=3.9,<3.10.0a0'
    python_abi: 3.9.* *_cp39
  hash:
    md5: 40edd9ebc04e4b4ec27c1008e5e3f99d
    sha256: f828e0eac4f14d8868039f93cb4674582d95be4c1d89b34007f8154af3af4edf
  manager: conda
  name: click
  optional: false
  platform: linux-64
  url: https://conda.anaconda.org/conda-forge/linux-64/click-8.1.3-py39hf3d152e_0.tar.bz2
  version: 8.1.3
- category: main
  dependencies:
    crashtest: '>=0.3.0,<0.4.0'
    pastel: '>=0.2.0,<0.3.0'
    pylev: '>=1.3,<2.0'
    python: ''
  hash:
    md5: 159273f717a11e53b2656f8b6521a5e2
    sha256: 59b5c9ea3415e45e1beb1c191e3a0bf0dcca92c200a184704ea55002d1ef535c
  manager: conda
  name: clikit
  optional: false
  platform: linux-64
  url: https://conda.anaconda.org/conda-forge/noarch/clikit-0.6.2-pyh9f0ad1d_0.tar.bz2
  version: 0.6.2
- category: main
  dependencies:
    python: '>=3.9,<3.10.0a0'
    python_abi: 3.9.* *_cp39
  hash:
    md5: 9851752658704495f8adf28f6d2b3cb3
    sha256: 75e15fea05b5334912856e467017af5718259633aecc50d7f3af22b26cb7376f
  manager: conda
  name: docutils
  optional: false
  platform: linux-64
  url: https://conda.anaconda.org/conda-forge/linux-64/docutils-0.18.1-py39hf3d152e_1.tar.bz2
  version: 0.18.1
- category: main
  dependencies:
    python: ''
    six: '>=1.9'
    webencodings: ''
  hash:
    md5: b2355343d6315c892543200231d7154a
    sha256: 9ad06446fe9847e86cb20d220bf11614afcd2cbe9f58096f08d5d4018877bee4
  manager: conda
  name: html5lib
  optional: false
  platform: linux-64
  url: https://conda.anaconda.org/conda-forge/noarch/html5lib-1.1-pyh9f0ad1d_0.tar.bz2
  version: '1.1'
- category: main
  dependencies:
    python: '>=3.9,<3.10.0a0'
    python_abi: 3.9.* *_cp39
    zipp: '>=0.5'
  hash:
    md5: 4c2a0eabf0b8980b2c755646a6f750eb
    sha256: 3a13f3af58e7a5b50516c9bf10473953e51d9a5367f93fafd04c2bccc9162983
  manager: conda
  name: importlib-metadata
  optional: false
  platform: linux-64
  url: https://conda.anaconda.org/conda-forge/linux-64/importlib-metadata-4.11.4-py39hf3d152e_0.tar.bz2
  version: 4.11.4
- category: main
  dependencies:
    libgcc-ng: '>=10.3.0'
    python: '>=3.9,<3.10.0a0'
    python_abi: 3.9.* *_cp39
  hash:
    md5: 7cda413e43b252044a270c2477031c5c
    sha256: 05e22cdcefeebe18698acc1b7445fd7e8b4b07c4d65c99f688ddeff8569d42d0
  manager: conda
  name: markupsafe
  optional: false
  platform: linux-64
  url: https://conda.anaconda.org/conda-forge/linux-64/markupsafe-2.1.1-py39hb9d737c_1.tar.bz2
  version: 2.1.1
- category: main
  dependencies:
    libgcc-ng: '>=12'
    libstdcxx-ng: '>=12'
    python: '>=3.9,<3.10.0a0'
    python_abi: 3.9.* *_cp39
  hash:
    md5: 35b4a1a56408657cd2c6ce7145c21ecf
    sha256: f3a6149980035ee354ddbaf026e8e82db91dcdd1759439522e10d0d64decf237
  manager: conda
  name: msgpack-python
  optional: false
  platform: linux-64
  url: https://conda.anaconda.org/conda-forge/linux-64/msgpack-python-1.0.4-py39hf939315_0.tar.bz2
  version: 1.0.4
- category: main
  dependencies:
    python: '>=3.9,<3.10.0a0'
    python_abi: 3.9.* *_cp39
  hash:
    md5: fc7500ebc3299b6f4a66652fa83f627e
    sha256: 2f6ad58442a4f1daa114b440fff46e018cc7323493f91a2bab0bb23d5935f03d
  manager: conda
  name: mypy_extensions
  optional: false
  platform: linux-64
  url: https://conda.anaconda.org/conda-forge/linux-64/mypy_extensions-0.4.3-py39hf3d152e_5.tar.bz2
  version: 0.4.3
- category: main
  dependencies:
    pyparsing: '>=2.0.2'
    python: '>=2.7'
  hash:
    md5: be69a38e912054a62dc82cc3c7711a64
    sha256: 887645177378f0d383b150259c7f255e9a1a47383872be118e197dc175718316
  manager: conda
  name: packaging
  optional: false
  platform: linux-64
  url: https://conda.anaconda.org/conda-forge/noarch/packaging-20.9-pyh44b312d_0.tar.bz2
  version: '20.9'
- category: main
  dependencies:
    ptyprocess: '>=0.5'
    python: ''
  hash:
    md5: 5909e7b978141dd80d28dbf9de627827
    sha256: 04eef875d461732ef22cd19bf2c989c40e73b5da625bf6a6b82ddae200e90e56
  manager: conda
  name: pexpect
  optional: false
  platform: linux-64
  url: https://conda.anaconda.org/conda-forge/noarch/pexpect-4.8.0-pyh9f0ad1d_2.tar.bz2
  version: 4.8.0
- category: main
  dependencies:
    python: '>=3.9,<3.10.0a0'
    python_abi: 3.9.* *_cp39
  hash:
    md5: c375c89340e563053f3656c7f134d265
    sha256: d82e717937e171a2b124030acd2625e0a3ab62e82a137a21c03a91013280c29f
  manager: conda
  name: pluggy
  optional: false
  platform: linux-64
  url: https://conda.anaconda.org/conda-forge/linux-64/pluggy-1.0.0-py39hf3d152e_3.tar.bz2
  version: 1.0.0
- category: main
  dependencies:
    python: '>=3.9,<3.10.0a0'
    python_abi: 3.9.* *_cp39
  hash:
    md5: bfefe349de77edb720cb4688821ff78e
    sha256: 83cdcf4c17264d63e972f079408bd86ab15a9b14230d168b3c35b5971860be11
  manager: conda
  name: poetry-core
  optional: false
  platform: linux-64
  url: https://conda.anaconda.org/conda-forge/linux-64/poetry-core-1.0.8-py39hf3d152e_1.tar.bz2
  version: 1.0.8
- category: main
  dependencies:
    python: '>=3.9,<3.10.0a0'
    python_abi: 3.9.* *_cp39
  hash:
    md5: d34b97a2386932b97c7cb80916a673e7
    sha256: 42d46baeab725d3c70d22a4258549e9f0f1a72b740166cd9c3b394c4369cb306
  manager: conda
  name: pysocks
  optional: false
  platform: linux-64
  url: https://conda.anaconda.org/conda-forge/linux-64/pysocks-1.7.1-py39hf3d152e_5.tar.bz2
  version: 1.7.1
- category: main
  dependencies:
    libgcc-ng: '>=10.3.0'
    python: '>=3.9,<3.10.0a0'
    python_abi: 3.9.* *_cp39
    yaml: '>=0.2.5,<0.3.0a0'
  hash:
    md5: dcc47a3b751508507183d17e569805e5
    sha256: 569809030eed3c6b707a26172bc942a5a12fc8d76e53d3d28430761ecd60c900
  manager: conda
  name: pyyaml
  optional: false
  platform: linux-64
  url: https://conda.anaconda.org/conda-forge/linux-64/pyyaml-6.0-py39hb9d737c_4.tar.bz2
  version: '6.0'
- category: main
  dependencies:
    libgcc-ng: '>=10.3.0'
    python: '>=3.9,<3.10.0a0'
    python_abi: 3.9.* *_cp39
  hash:
    md5: a0fabd69dd35bb24ec84d28dc01c3c5b
    sha256: 388a1b6b559156b27f6eb1952a85632ad907f0572d31e3897dba338d28c44860
  manager: conda
  name: ruamel.yaml.clib
  optional: false
  platform: linux-64
  url: https://conda.anaconda.org/conda-forge/linux-64/ruamel.yaml.clib-0.2.6-py39hb9d737c_1.tar.bz2
  version: 0.2.6
- category: main
  dependencies:
    python: '>=3.9,<3.10.0a0'
    python_abi: 3.9.* *_cp39
  hash:
    md5: ddfb37b6e91b8c41be3976d19af47ade
    sha256: d7091381fd4b40615b07e4f18910f6d121e7e045cc44d41979d43c42ea821782
  manager: conda
  name: setuptools
  optional: false
  platform: linux-64
  url: https://conda.anaconda.org/conda-forge/linux-64/setuptools-62.6.0-py39hf3d152e_0.tar.bz2
  version: 62.6.0
- category: main
  dependencies:
    python: '>=3.6'
    typing: '>=3.6,<4.0'
  hash:
    md5: 4c3c1c8f8230bd75e69e083b113b2483
    sha256: eb9d2ad1bb3fb39bc354a6b2d78fba5cdf7d8b1d17578b0325703289e547d25f
  manager: conda
  name: tomlkit
  optional: false
  platform: linux-64
  url: https://conda.anaconda.org/conda-forge/noarch/tomlkit-0.11.0-pyha770c72_0.tar.bz2
  version: 0.11.0
- category: main
  dependencies:
    libgcc-ng: '>=12'
    python: '>=3.9,<3.10.0a0'
    python_abi: 3.9.* *_cp39
  hash:
    md5: 8425d811ad227a7974949cf3071da6a9
    sha256: 1c99bf5645984564b597ac2520b79d5460c1eb1c3c4017c33f7a3fd51a5029cc
  manager: conda
  name: typed-ast
  optional: false
  platform: linux-64
  url: https://conda.anaconda.org/conda-forge/linux-64/typed-ast-1.5.4-py39hb9d737c_0.tar.bz2
  version: 1.5.4
- category: main
  dependencies:
    typing_extensions: 4.2.0 pyha770c72_1
  hash:
    md5: 6d9d7480c5780514779967be2ee8b963
    sha256: fea22e48a2c48be23a43071079766add13776c5e2d63a8eee95edd468a103a6a
  manager: conda
  name: typing-extensions
  optional: false
  platform: linux-64
  url: https://conda.anaconda.org/conda-forge/noarch/typing-extensions-4.2.0-hd8ed1ab_1.tar.bz2
  version: 4.2.0
- category: main
  dependencies:
    distlib: '>=0.3.1,<1'
    filelock: '>=3.2,<4'
    platformdirs: '>=2,<3'
    python: '>=3.9,<3.10.0a0'
    python_abi: 3.9.* *_cp39
    six: '>=1.9.0,<2'
  hash:
    md5: baf424316921dd61ac57a1c21ddf2711
    sha256: f1f8e1e9caf62cda508142ec7f8ad8eea7fe5c63f22bdfceb85fb8d67687341d
  manager: conda
  name: virtualenv
  optional: false
  platform: linux-64
  url: https://conda.anaconda.org/conda-forge/linux-64/virtualenv-20.15.0-py39hf3d152e_0.tar.bz2
  version: 20.15.0
- category: main
  dependencies:
    click: '>=8.0.0'
    dataclasses: '>=0.6'
    mypy_extensions: '>=0.4.3'
    pathspec: '>=0.9,<1'
    platformdirs: '>=2'
    python: '>=3.6'
    tomli: '>=1.1.0'
    typed-ast: '>=1.4.2'
    typing_extensions: '>=3.10,!=3.10.0.1'
  hash:
    md5: 7ecbfaae9a30b73c1a6e36e4a0debc03
    sha256: bbf97913b074a5fc71b5c4a50472e0e863b1abc564d1c73d79262d4557256960
  manager: conda
  name: black
  optional: false
  platform: linux-64
  url: https://conda.anaconda.org/conda-forge/noarch/black-22.3.0-pyhd8ed1ab_0.tar.bz2
  version: 22.3.0
- category: main
  dependencies:
    cffi: '>=1.0.0'
    libgcc-ng: '>=10.3.0'
    python: '>=3.9,<3.10.0a0'
    python_abi: 3.9.* *_cp39
  hash:
    md5: 05a99367d885ec9990f25e74128a8a08
    sha256: 4a520850207e965244c70a412f030f1c353b70b942ad99a0a0cfb83e64bbd60e
  manager: conda
  name: brotlipy
  optional: false
  platform: linux-64
  url: https://conda.anaconda.org/conda-forge/linux-64/brotlipy-0.7.0-py39hb9d737c_1004.tar.bz2
  version: 0.7.0
- category: main
  dependencies:
    clikit: '>=0.6.0,<0.7.0'
    python: '>=3.6'
  hash:
    md5: 4c82b11a3d06031bd58e7d869f53d965
    sha256: a3a5beaf5b4a5ba671580164e6b1da77837f9d69414b095bd3231e84a85f505c
  manager: conda
  name: cleo
  optional: false
  platform: linux-64
  url: https://conda.anaconda.org/conda-forge/noarch/cleo-0.8.1-pyhd8ed1ab_2.tar.bz2
  version: 0.8.1
- category: main
  dependencies:
    click: ''
    python: '>=3.6'
  hash:
    md5: 72a46ffc25701c173932fd55cf0965d3
    sha256: 7384b6c194f9822d7cc2c9d82409b2fd571fad96f95e6e27c9098f63772d36fd
  manager: conda
  name: click-default-group
  optional: false
  platform: linux-64
  url: https://conda.anaconda.org/conda-forge/noarch/click-default-group-1.2.2-pyhd8ed1ab_1.tar.bz2
  version: 1.2.2
- category: main
  dependencies:
    cffi: '>=1.12'
    libgcc-ng: '>=10.3.0'
    openssl: '>=1.1.1o,<1.1.2a'
    python: '>=3.9,<3.10.0a0'
    python_abi: 3.9.* *_cp39
  hash:
    md5: 11780968ae65fdeb1a0bc294d211597d
    sha256: 8cc92521ef7e6f3a2a0c575b7b81444d0e79ee57c60c29f6e2e56c18b70545e8
  manager: conda
  name: cryptography
  optional: false
  platform: linux-64
  url: https://conda.anaconda.org/conda-forge/linux-64/cryptography-37.0.2-py39hd97740a_0.tar.bz2
  version: 37.0.2
- category: main
  dependencies:
    importlib-metadata: ''
    mccabe: '>=0.6.0,<0.7.0'
    pycodestyle: '>=2.8.0,<2.9.0'
    pyflakes: '>=2.4.0,<2.5.0'
    python: '>=3.6'
    setuptools: '>=30.0.0'
  hash:
    md5: a824bd55ce47e9c637427f730c651231
    sha256: 4344506c9f60bc2dbeb46aae8d5d8ff247bed5f6c83e3bc5b4e863a784794da7
  manager: conda
  name: flake8
  optional: false
  platform: linux-64
  url: https://conda.anaconda.org/conda-forge/noarch/flake8-4.0.1-pyhd8ed1ab_2.tar.bz2
  version: 4.0.1
- category: main
  dependencies:
    importlib-metadata: '>=4.11.4,<4.11.5.0a0'
  hash:
    md5: 9a1925fdb91c81437b8012e48ede6851
    sha256: 85049d953d6894e1379162e0f01cf4b8828d40f707cc511edb201e9159f091fc
  manager: conda
  name: importlib_metadata
  optional: false
  platform: linux-64
  url: https://conda.anaconda.org/conda-forge/noarch/importlib_metadata-4.11.4-hd8ed1ab_0.tar.bz2
  version: 4.11.4
- category: main
  dependencies:
    markupsafe: '>=2.0'
    python: '>=3.7'
  hash:
    md5: c8490ed5c70966d232fdd389d0dbed37
    sha256: b045faba7130ab263db6a8fdc96b1a3de5fcf85c4a607c5f11a49e76851500b5
  manager: conda
  name: jinja2
  optional: false
  platform: linux-64
  url: https://conda.anaconda.org/conda-forge/noarch/jinja2-3.1.2-pyhd8ed1ab_1.tar.bz2
  version: 3.1.2
- category: main
  dependencies:
    python: '>=3.7'
    setuptools: ''
    wheel: ''
  hash:
    md5: d29185c662a424f8bea1103270b85c96
    sha256: 139e9fb1c67fb5743febe466bed33d0220a2650fdaaa2e90bca97860a75c48ef
  manager: conda
  name: pip
  optional: false
  platform: linux-64
  url: https://conda.anaconda.org/conda-forge/noarch/pip-22.1.2-pyhd8ed1ab_0.tar.bz2
  version: 22.1.2
- category: main
  dependencies:
    libgcc-ng: '>=10.3.0'
    python: '>=3.9,<3.10.0a0'
    python_abi: 3.9.* *_cp39
    typing-extensions: '>=3.7.4.3'
  hash:
    md5: 70c7364ded40b5e006440e3c6fecd8af
    sha256: 0f8d23bb43e7432d5bae4da3774bfe195edfc12eb81e16f93104917d84789879
  manager: conda
  name: pydantic
  optional: false
  platform: linux-64
  url: https://conda.anaconda.org/conda-forge/linux-64/pydantic-1.9.1-py39hb9d737c_0.tar.bz2
  version: 1.9.1
- category: main
  dependencies:
    attrs: '>=19.2.0'
    iniconfig: ''
    packaging: ''
    pluggy: '>=0.12,<2.0'
    py: '>=1.8.2'
    python: '>=3.9,<3.10.0a0'
    python_abi: 3.9.* *_cp39
    tomli: '>=1.0.0'
  hash:
    md5: a6bcf633d12aabdfc4cb32a09ebc0f31
    sha256: bc036522c25ffe7979ff875792080e546cf14f96d9e6a609dde83acfafec8c72
  manager: conda
  name: pytest
  optional: false
  platform: linux-64
  url: https://conda.anaconda.org/conda-forge/linux-64/pytest-7.1.2-py39hf3d152e_0.tar.bz2
  version: 7.1.2
- category: main
  dependencies:
    libgcc-ng: '>=10.3.0'
    python: '>=3.9,<3.10.0a0'
    python_abi: 3.9.* *_cp39
    ruamel.yaml.clib: '>=0.1.2'
    setuptools: ''
  hash:
    md5: 2b94cf785616198b112170b9838262a4
    sha256: 69d7d081acf7880f05d01ab93bfbecb3bc59b4bc8812630a359651b211aadb6a
  manager: conda
  name: ruamel.yaml
  optional: false
  platform: linux-64
  url: https://conda.anaconda.org/conda-forge/linux-64/ruamel.yaml-0.17.21-py39hb9d737c_1.tar.bz2
  version: 0.17.21
- category: main
  dependencies:
    cryptography: '>=35.0'
    python: '>=3.6'
  hash:
    md5: 1d7e241dfaf5475e893d4b824bb71b44
    sha256: 02ee40855abbce429022d2653b9e1649f23398b2ebab53247de69bd35bc05ba5
  manager: conda
  name: pyopenssl
  optional: false
  platform: linux-64
  url: https://conda.anaconda.org/conda-forge/noarch/pyopenssl-22.0.0-pyhd8ed1ab_0.tar.bz2
  version: 22.0.0
- category: main
  dependencies:
    cryptography: ''
    dbus: ''
    jeepney: '>=0.6'
    python: '>=3.9,<3.10.0a0'
    python_abi: 3.9.* *_cp39
  hash:
    md5: fd79e4bf83b5a19ceda3508a2adc2eb1
    sha256: ef9a21effa3b6d8659764fab3998232b680580e3bc6d0f0843b23d89ab289a84
  manager: conda
  name: secretstorage
  optional: false
  platform: linux-64
  url: https://conda.anaconda.org/conda-forge/linux-64/secretstorage-3.3.2-py39hf3d152e_1.tar.bz2
  version: 3.3.2
- category: main
  dependencies:
    importlib_metadata: ''
    jeepney: '>=0.4.2'
    python: '>=3.9,<3.10.0a0'
    python_abi: 3.9.* *_cp39
    secretstorage: '>=3.2'
  hash:
    md5: b54e8123e1c0d3861bf5bc256e796914
    sha256: 113bdc4971d2b06e41079d2bbdad8f65eb03ec3b5fdda06f2c73847cdbef58bf
  manager: conda
  name: keyring
  optional: false
  platform: linux-64
  url: https://conda.anaconda.org/conda-forge/linux-64/keyring-23.6.0-py39hf3d152e_0.tar.bz2
  version: 23.6.0
- category: main
  dependencies:
    brotlipy: '>=0.6.0'
    certifi: ''
    cryptography: '>=1.3.4'
    idna: '>=2.0.0'
    pyopenssl: '>=0.14'
    pysocks: '>=1.5.6,<2.0,!=1.5.7'
    python: <4.0
  hash:
    md5: 0ea179ee251aa7100807c35bc0252693
    sha256: 111dec99470869fa03e72bf2102f16db55c29538797c08e7765e9d6515f810df
  manager: conda
  name: urllib3
  optional: false
  platform: linux-64
  url: https://conda.anaconda.org/conda-forge/noarch/urllib3-1.26.9-pyhd8ed1ab_0.tar.bz2
  version: 1.26.9
- category: main
  dependencies:
    certifi: '>=2017.4.17'
    charset-normalizer: '>=2.0.0,<2.1'
    idna: '>=2.5,<4'
    python: '>=3.6'
    urllib3: '>=1.21.1,<1.27'
  hash:
    md5: 5db4d14905f98da161e2153b1c9d2bce
    sha256: e35c639e50783f945b64a8f0b4deb06b8b4bb4f43089249b463b38bb2f8575f3
  manager: conda
  name: requests
  optional: false
  platform: linux-64
  url: https://conda.anaconda.org/conda-forge/noarch/requests-2.28.0-pyhd8ed1ab_1.tar.bz2
  version: 2.28.0
- category: main
  dependencies:
    msgpack-python: '>=0.5.2'
    python: '>=3.6'
    requests: ''
  hash:
    md5: 6eefee9888f33f150b5d44d616b1a613
    sha256: c863c2bf200008e255f69bececda3477c1bb23e2b63a82612099a91a418ca2ea
  manager: conda
  name: cachecontrol
  optional: false
  platform: linux-64
  url: https://conda.anaconda.org/conda-forge/noarch/cachecontrol-0.12.11-pyhd8ed1ab_0.tar.bz2
  version: 0.12.11
- category: main
  dependencies:
    appdirs: ''
    click: ''
    filelock: ''
    python: '>=3.6'
    requests: ''
  hash:
    md5: 1bf97b25d058482fd73e62b1cdb932ef
    sha256: 0d97847869da8eeb7b6ceb154091742b53bb699ab8f82cd3b5e772f45883b449
  manager: conda
  name: ensureconda
  optional: false
  platform: linux-64
  url: https://conda.anaconda.org/conda-forge/noarch/ensureconda-1.4.2-pyhd8ed1ab_0.tar.bz2
  version: 1.4.2
- category: main
  dependencies:
    docutils: ''
    flit-core: 3.7.1 pyhd8ed1ab_0
    pip: ''
    python: '>=3.6'
    requests: ''
    tomli: ''
    tomli-w: ''
  hash:
    md5: 1f5736d294afa4c197a2fcf01ad18809
    sha256: 9599165ad11b68f0e7a4b884f63a07337631303020a3a158607f01ea14c6fe2a
  manager: conda
  name: flit
  optional: false
  platform: linux-64
  url: https://conda.anaconda.org/conda-forge/noarch/flit-3.7.1-pyhd8ed1ab_0.tar.bz2
  version: 3.7.1
- category: main
  dependencies:
    python: ''
    requests: '>=2.0.1,<=3.0.0'
  hash:
    md5: 402668adee8fcba9a9c265cdc2a88f5a
    sha256: 1f2f3329127844be226bdc9bd9922d84a8767ae208d4a650c3ba655c84cb1e1c
  manager: conda
  name: requests-toolbelt
  optional: false
  platform: linux-64
  url: https://conda.anaconda.org/conda-forge/noarch/requests-toolbelt-0.9.1-py_0.tar.bz2
  version: 0.9.1
- category: main
  dependencies:
    cachecontrol: '>=0.12.9,<0.13.0'
    cachy: '>=0.3.0,<0.4.0'
    cleo: '>=0.8.1,<0.9.0'
    clikit: '>=0.6.2,<0.7.0'
    crashtest: '>=0.3.0,<0.4.0'
    html5lib: '>=1.0,<2.0'
    keyring: '>=21.2.0'
    lockfile: '>=0.9'
    packaging: '>=20.4,<21.0'
    pexpect: '>=4.7.0,<5.0.0'
    pkginfo: '>=1.4,<2.0'
    poetry-core: '>=1.0.7,<1.1.0'
    ptyprocess: '>=0.5'
    python: '>=3.9,<3.10.0a0'
    python_abi: 3.9.* *_cp39
    requests: '>=2.18,<3.0'
    requests-toolbelt: '>=0.9.1,<0.10.0'
    shellingham: '>=1.1,<2.0'
    tomlkit: '>=0.7.0,<1.0.0'
    virtualenv: '>=20.0.26,<21.0.0'
  hash:
    md5: a10e45641e7ef946b8c4802c35e7fd44
    sha256: 2d4059112f720d4d489d7c1bb894ce3d31d93392c10fe1f060dea1baa9712ca0
  manager: conda
  name: poetry
  optional: false
  platform: linux-64
  url: https://conda.anaconda.org/conda-forge/linux-64/poetry-1.1.13-py39hf3d152e_1.tar.bz2
  version: 1.1.13
- category: main
  dependencies:
    click: '>=8.0'
    click-default-group: ''
    ensureconda: '>=1.3'
    jinja2: ''
    poetry: ''
    pydantic: '>=1.8.1'
    python: '>=3.6'
    pyyaml: '>=5.1'
    requests: '>=2'
    ruamel.yaml: ''
    setuptools: ''
    toml: ''
    typing-extensions: ''
  hash:
    md5: 1c31d380288fc1599fb5f4c76c8c828c
    sha256: 2895546468293f358395b072846ebf8a2e04339d1355009fb96787d804250bb0
  manager: conda
  name: conda-lock
  optional: false
  platform: linux-64
  url: https://conda.anaconda.org/conda-forge/noarch/conda-lock-1.0.5-pyhd8ed1ab_1.tar.bz2
  version: 1.0.5
version: 1
